{
  "name": "@pdfnav/smart-text-search",
  "version": "1.0.5",
  "lockfileVersion": 5,
  "requires": true,
  "packages": {
    "": {
      "name": "@pdfnav/smart-text-search",
      "version": "1.0.3",
      "license": "ISC",
      "devDependencies": {},
      "engines": {
        "node": "^12.22.0 || ^14.17.0 || >=16.0.0"
      }
    }
  }
}
