{
  "name": "@pdfnav/smart-text-search",
  "version": "1.0.9",
  "lockfileVersion": 2,
  "requires": true,
  "packages": {
    "": {
      "name": "@pdfnav/smart-text-search",
      "version": "1.0.9",
      "license": "ISC",
      "devDependencies": {},
      "engines": {
        "node": ">=12.0.0"
      }
    }
  }
}
